
Microsoft Visual Studio Solution File, Format Version 12.00
# Visual Studio 14
VisualStudioVersion = 14.0.25420.1
MinimumVisualStudioVersion = 10.0.40219.1
Project("{FAE04EC0-301F-11D3-BF4B-00C04F79EFBC}") = "student_project", "student_project\student_project.csproj", "{11414FE1-F4DA-4874-9DB7-44A22E8D0A4E}"
EndProject
Global
	GlobalSection(SolutionConfigurationPlatforms) = preSolution
		Debug|Any CPU = Debug|Any CPU
		Release|Any CPU = Release|Any CPU
	EndGlobalSection
	GlobalSection(ProjectConfigurationPlatforms) = postSolution
		{11414FE1-F4DA-4874-9DB7-44A22E8D0A4E}.Debug|Any CPU.ActiveCfg = Debug|Any CPU
		{11414FE1-F4DA-4874-9DB7-44A22E8D0A4E}.Debug|Any CPU.Build.0 = Debug|Any CPU
		{11414FE1-F4DA-4874-9DB7-44A22E8D0A4E}.Release|Any CPU.ActiveCfg = Release|Any CPU
		{11414FE1-F4DA-4874-9DB7-44A22E8D0A4E}.Release|Any CPU.Build.0 = Release|Any CPU
	EndGlobalSection
	GlobalSection(SolutionProperties) = preSolution
		HideSolutionNode = FALSE
	EndGlobalSection
EndGlobal
